// !$*UTF8*$!
{
	archiveVersion = 1;
	classes = {
	};
	objectVersion = 55;
	objects = {

/* Begin PBXBuildFile section */
		8D6430912698E2B200E0B980 /* Webservice.swift in Sources */ = {isa = PBXBuildFile; fileRef = 8D6430902698E2B200E0B980 /* Webservice.swift */; };
		8D8D5D7A2698BA3D0075CB16 /* GettingStartedAsyncAwaitApp.swift in Sources */ = {isa = PBXBuildFile; fileRef = 8D8D5D792698BA3D0075CB16 /* GettingStartedAsyncAwaitApp.swift */; };
		8D8D5D7C2698BA3D0075CB16 /* ContentView.swift in Sources */ = {isa = PBXBuildFile; fileRef = 8D8D5D7B2698BA3D0075CB16 /* ContentView.swift */; };
		8D8D5D7E2698BA3E0075CB16 /* Assets.xcassets in Resources */ = {isa = PBXBuildFile; fileRef = 8D8D5D7D2698BA3E0075CB16 /* Assets.xcassets */; };
		8D8D5D812698BA3E0075CB16 /* Preview Assets.xcassets in Resources */ = {isa = PBXBuildFile; fileRef = 8D8D5D802698BA3E0075CB16 /* Preview Assets.xcassets */; };
		B18A68DB29BF856400B1F8AC /* CurrentDate.swift in Sources */ = {isa = PBXBuildFile; fileRef = B18A68DA29BF856400B1F8AC /* CurrentDate.swift */; };
		B18A68E729BF919400B1F8AC /* GettingStartedAsyncAwaitTests.swift in Sources */ = {isa = PBXBuildFile; fileRef = B18A68E629BF919400B1F8AC /* GettingStartedAsyncAwaitTests.swift */; };
		B1E8428F29BBF18100C96C93 /* CurrentDateListViewModel.swift in Sources */ = {isa = PBXBuildFile; fileRef = B1E8428E29BBF18100C96C93 /* CurrentDateListViewModel.swift */; };
/* End PBXBuildFile section */

/* Begin PBXContainerItemProxy section */
		B18A68E829BF919400B1F8AC /* PBXContainerItemProxy */ = {
			isa = PBXContainerItemProxy;
			containerPortal = 8D8D5D6E2698BA3D0075CB16 /* Project object */;
			proxyType = 1;
			remoteGlobalIDString = 8D8D5D752698BA3D0075CB16;
			remoteInfo = GettingStartedAsyncAwait;
		};
/* End PBXContainerItemProxy section */

/* Begin PBXFileReference section */
		8D6430902698E2B200E0B980 /* Webservice.swift */ = {isa = PBXFileReference; lastKnownFileType = sourcecode.swift; path = Webservice.swift; sourceTree = "<group>"; };
		8D8D5D762698BA3D0075CB16 /* GettingStartedAsyncAwait.app */ = {isa = PBXFileReference; explicitFileType = wrapper.application; includeInIndex = 0; path = GettingStartedAsyncAwait.app; sourceTree = BUILT_PRODUCTS_DIR; };
		8D8D5D792698BA3D0075CB16 /* GettingStartedAsyncAwaitApp.swift */ = {isa = PBXFileReference; lastKnownFileType = sourcecode.swift; path = GettingStartedAsyncAwaitApp.swift; sourceTree = "<group>"; };
		8D8D5D7B2698BA3D0075CB16 /* ContentView.swift */ = {isa = PBXFileReference; lastKnownFileType = sourcecode.swift; path = ContentView.swift; sourceTree = "<group>"; };
		8D8D5D7D2698BA3E0075CB16 /* Assets.xcassets */ = {isa = PBXFileReference; lastKnownFileType = folder.assetcatalog; path = Assets.xcassets; sourceTree = "<group>"; };
		8D8D5D802698BA3E0075CB16 /* Preview Assets.xcassets */ = {isa = PBXFileReference; lastKnownFileType = folder.assetcatalog; path = "Preview Assets.xcassets"; sourceTree = "<group>"; };
		B18A68DA29BF856400B1F8AC /* CurrentDate.swift */ = {isa = PBXFileReference; lastKnownFileType = sourcecode.swift; path = CurrentDate.swift; sourceTree = "<group>"; };
		B18A68E429BF919400B1F8AC /* GettingStartedAsyncAwaitTests.xctest */ = {isa = PBXFileReference; explicitFileType = wrapper.cfbundle; includeInIndex = 0; path = GettingStartedAsyncAwaitTests.xctest; sourceTree = BUILT_PRODUCTS_DIR; };
		B18A68E629BF919400B1F8AC /* GettingStartedAsyncAwaitTests.swift */ = {isa = PBXFileReference; lastKnownFileType = sourcecode.swift; path = GettingStartedAsyncAwaitTests.swift; sourceTree = "<group>"; };
		B1E8428E29BBF18100C96C93 /* CurrentDateListViewModel.swift */ = {isa = PBXFileReference; lastKnownFileType = sourcecode.swift; path = CurrentDateListViewModel.swift; sourceTree = "<group>"; };
/* End PBXFileReference section */

/* Begin PBXFrameworksBuildPhase section */
		8D8D5D732698BA3D0075CB16 /* Frameworks */ = {
			isa = PBXFrameworksBuildPhase;
			buildActionMask = 2147483647;
			files = (
			);
			runOnlyForDeploymentPostprocessing = 0;
		};
		B18A68E129BF919400B1F8AC /* Frameworks */ = {
			isa = PBXFrameworksBuildPhase;
			buildActionMask = 2147483647;
			files = (
			);
			runOnlyForDeploymentPostprocessing = 0;
		};
/* End PBXFrameworksBuildPhase section */

/* Begin PBXGroup section */
		8D8D5D6D2698BA3D0075CB16 = {
			isa = PBXGroup;
			children = (
				8D8D5D782698BA3D0075CB16 /* GettingStartedAsyncAwait */,
				B18A68E529BF919400B1F8AC /* GettingStartedAsyncAwaitTests */,
				8D8D5D772698BA3D0075CB16 /* Products */,
			);
			sourceTree = "<group>";
		};
		8D8D5D772698BA3D0075CB16 /* Products */ = {
			isa = PBXGroup;
			children = (
				8D8D5D762698BA3D0075CB16 /* GettingStartedAsyncAwait.app */,
				B18A68E429BF919400B1F8AC /* GettingStartedAsyncAwaitTests.xctest */,
			);
			name = Products;
			sourceTree = "<group>";
		};
		8D8D5D782698BA3D0075CB16 /* GettingStartedAsyncAwait */ = {
			isa = PBXGroup;
			children = (
				8D8D5D792698BA3D0075CB16 /* GettingStartedAsyncAwaitApp.swift */,
				B18A68DF29BF8B0400B1F8AC /* Service */,
				B18A68DC29BF88D100B1F8AC /* Models */,
				B18A68DE29BF891800B1F8AC /* Views */,
				B18A68DD29BF88E200B1F8AC /* ViewModels */,
				8D8D5D7D2698BA3E0075CB16 /* Assets.xcassets */,
				8D8D5D7F2698BA3E0075CB16 /* Preview Content */,
			);
			path = GettingStartedAsyncAwait;
			sourceTree = "<group>";
		};
		8D8D5D7F2698BA3E0075CB16 /* Preview Content */ = {
			isa = PBXGroup;
			children = (
				8D8D5D802698BA3E0075CB16 /* Preview Assets.xcassets */,
			);
			path = "Preview Content";
			sourceTree = "<group>";
		};
		B18A68DC29BF88D100B1F8AC /* Models */ = {
			isa = PBXGroup;
			children = (
				B18A68DA29BF856400B1F8AC /* CurrentDate.swift */,
			);
			path = Models;
			sourceTree = "<group>";
		};
		B18A68DD29BF88E200B1F8AC /* ViewModels */ = {
			isa = PBXGroup;
			children = (
				B1E8428E29BBF18100C96C93 /* CurrentDateListViewModel.swift */,
			);
			path = ViewModels;
			sourceTree = "<group>";
		};
		B18A68DE29BF891800B1F8AC /* Views */ = {
			isa = PBXGroup;
			children = (
				8D8D5D7B2698BA3D0075CB16 /* ContentView.swift */,
			);
			path = Views;
			sourceTree = "<group>";
		};
		B18A68DF29BF8B0400B1F8AC /* Service */ = {
			isa = PBXGroup;
			children = (
				8D6430902698E2B200E0B980 /* Webservice.swift */,
			);
			path = Service;
			sourceTree = "<group>";
		};
		B18A68E529BF919400B1F8AC /* GettingStartedAsyncAwaitTests */ = {
			isa = PBXGroup;
			children = (
				B18A68E629BF919400B1F8AC /* GettingStartedAsyncAwaitTests.swift */,
			);
			path = GettingStartedAsyncAwaitTests;
			sourceTree = "<group>";
		};
/* End PBXGroup section */

/* Begin PBXNativeTarget section */
		8D8D5D752698BA3D0075CB16 /* GettingStartedAsyncAwait */ = {
			isa = PBXNativeTarget;
			buildConfigurationList = 8D8D5D842698BA3E0075CB16 /* Build configuration list for PBXNativeTarget "GettingStartedAsyncAwait" */;
			buildPhases = (
				8D8D5D722698BA3D0075CB16 /* Sources */,
				8D8D5D732698BA3D0075CB16 /* Frameworks */,
				8D8D5D742698BA3D0075CB16 /* Resources */,
			);
			buildRules = (
			);
			dependencies = (
			);
			name = GettingStartedAsyncAwait;
			productName = GettingStartedAsyncAwait;
			productReference = 8D8D5D762698BA3D0075CB16 /* GettingStartedAsyncAwait.app */;
			productType = "com.apple.product-type.application";
		};
		B18A68E329BF919400B1F8AC /* GettingStartedAsyncAwaitTests */ = {
			isa = PBXNativeTarget;
			buildConfigurationList = B18A68EA29BF919400B1F8AC /* Build configuration list for PBXNativeTarget "GettingStartedAsyncAwaitTests" */;
			buildPhases = (
				B18A68E029BF919400B1F8AC /* Sources */,
				B18A68E129BF919400B1F8AC /* Frameworks */,
				B18A68E229BF919400B1F8AC /* Resources */,
			);
			buildRules = (
			);
			dependencies = (
				B18A68E929BF919400B1F8AC /* PBXTargetDependency */,
			);
			name = GettingStartedAsyncAwaitTests;
			productName = GettingStartedAsyncAwaitTests;
			productReference = B18A68E429BF919400B1F8AC /* GettingStartedAsyncAwaitTests.xctest */;
			productType = "com.apple.product-type.bundle.unit-test";
		};
/* End PBXNativeTarget section */

/* Begin PBXProject section */
		8D8D5D6E2698BA3D0075CB16 /* Project object */ = {
			isa = PBXProject;
			attributes = {
				BuildIndependentTargetsInParallel = 1;
				LastSwiftUpdateCheck = 1420;
				LastUpgradeCheck = 1300;
				TargetAttributes = {
					8D8D5D752698BA3D0075CB16 = {
						CreatedOnToolsVersion = 13.0;
					};
					B18A68E329BF919400B1F8AC = {
						CreatedOnToolsVersion = 14.2;
						TestTargetID = 8D8D5D752698BA3D0075CB16;
					};
				};
			};
			buildConfigurationList = 8D8D5D712698BA3D0075CB16 /* Build configuration list for PBXProject "GettingStartedAsyncAwait" */;
			compatibilityVersion = "Xcode 13.0";
			developmentRegion = en;
			hasScannedForEncodings = 0;
			knownRegions = (
				en,
				Base,
			);
			mainGroup = 8D8D5D6D2698BA3D0075CB16;
			productRefGroup = 8D8D5D772698BA3D0075CB16 /* Products */;
			projectDirPath = "";
			projectRoot = "";
			targets = (
				8D8D5D752698BA3D0075CB16 /* GettingStartedAsyncAwait */,
				B18A68E329BF919400B1F8AC /* GettingStartedAsyncAwaitTests */,
			);
		};
/* End PBXProject section */

/* Begin PBXResourcesBuildPhase section */
		8D8D5D742698BA3D0075CB16 /* Resources */ = {
			isa = PBXResourcesBuildPhase;
			buildActionMask = 2147483647;
			files = (
				8D8D5D812698BA3E0075CB16 /* Preview Assets.xcassets in Resources */,
				8D8D5D7E2698BA3E0075CB16 /* Assets.xcassets in Resources */,
			);
			runOnlyForDeploymentPostprocessing = 0;
		};
		B18A68E229BF919400B1F8AC /* Resources */ = {
			isa = PBXResourcesBuildPhase;
			buildActionMask = 2147483647;
			files = (
			);
			runOnlyForDeploymentPostprocessing = 0;
		};
/* End PBXResourcesBuildPhase section */

/* Begin PBXSourcesBuildPhase section */
		8D8D5D722698BA3D0075CB16 /* Sources */ = {
			isa = PBXSourcesBuildPhase;
			buildActionMask = 2147483647;
			files = (
				8D8D5D7C2698BA3D0075CB16 /* ContentView.swift in Sources */,
				8D8D5D7A2698BA3D0075CB16 /* GettingStartedAsyncAwaitApp.swift in Sources */,
				B1E8428F29BBF18100C96C93 /* CurrentDateListViewModel.swift in Sources */,
				B18A68DB29BF856400B1F8AC /* CurrentDate.swift in Sources */,
				8D6430912698E2B200E0B980 /* Webservice.swift in Sources */,
			);
			runOnlyForDeploymentPostprocessing = 0;
		};
		B18A68E029BF919400B1F8AC /* Sources */ = {
			isa = PBXSourcesBuildPhase;
			buildActionMask = 2147483647;
			files = (
				B18A68E729BF919400B1F8AC /* GettingStartedAsyncAwaitTests.swift in Sources */,
			);
			runOnlyForDeploymentPostprocessing = 0;
		};
/* End PBXSourcesBuildPhase section */

/* Begin PBXTargetDependency section */
		B18A68E929BF919400B1F8AC /* PBXTargetDependency */ = {
			isa = PBXTargetDependency;
			target = 8D8D5D752698BA3D0075CB16 /* GettingStartedAsyncAwait */;
			targetProxy = B18A68E829BF919400B1F8AC /* PBXContainerItemProxy */;
		};
/* End PBXTargetDependency section */

/* Begin XCBuildConfiguration section */
		8D8D5D822698BA3E0075CB16 /* Debug */ = {
			isa = XCBuildConfiguration;
			buildSettings = {
				ALWAYS_SEARCH_USER_PATHS = NO;
				CLANG_ANALYZER_NONNULL = YES;
				CLANG_ANALYZER_NUMBER_OBJECT_CONVERSION = YES_AGGRESSIVE;
				CLANG_CXX_LANGUAGE_STANDARD = "gnu++14";
				CLANG_CXX_LIBRARY = "libc++";
				CLANG_ENABLE_MODULES = YES;
				CLANG_ENABLE_OBJC_ARC = YES;
				CLANG_ENABLE_OBJC_WEAK = YES;
				CLANG_WARN_BLOCK_CAPTURE_AUTORELEASING = YES;
				CLANG_WARN_BOOL_CONVERSION = YES;
				CLANG_WARN_COMMA = YES;
				CLANG_WARN_CONSTANT_CONVERSION = YES;
				CLANG_WARN_DEPRECATED_OBJC_IMPLEMENTATIONS = YES;
				CLANG_WARN_DIRECT_OBJC_ISA_USAGE = YES_ERROR;
				CLANG_WARN_DOCUMENTATION_COMMENTS = YES;
				CLANG_WARN_EMPTY_BODY = YES;
				CLANG_WARN_ENUM_CONVERSION = YES;
				CLANG_WARN_INFINITE_RECURSION = YES;
				CLANG_WARN_INT_CONVERSION = YES;
				CLANG_WARN_NON_LITERAL_NULL_CONVERSION = YES;
				CLANG_WARN_OBJC_IMPLICIT_RETAIN_SELF = YES;
				CLANG_WARN_OBJC_LITERAL_CONVERSION = YES;
				CLANG_WARN_OBJC_ROOT_CLASS = YES_ERROR;
				CLANG_WARN_QUOTED_INCLUDE_IN_FRAMEWORK_HEADER = YES;
				CLANG_WARN_RANGE_LOOP_ANALYSIS = YES;
				CLANG_WARN_STRICT_PROTOTYPES = YES;
				CLANG_WARN_SUSPICIOUS_MOVE = YES;
				CLANG_WARN_UNGUARDED_AVAILABILITY = YES_AGGRESSIVE;
				CLANG_WARN_UNREACHABLE_CODE = YES;
				CLANG_WARN__DUPLICATE_METHOD_MATCH = YES;
				COPY_PHASE_STRIP = NO;
				DEBUG_INFORMATION_FORMAT = dwarf;
				ENABLE_STRICT_OBJC_MSGSEND = YES;
				ENABLE_TESTABILITY = YES;
				GCC_C_LANGUAGE_STANDARD = gnu11;
				GCC_DYNAMIC_NO_PIC = NO;
				GCC_NO_COMMON_BLOCKS = YES;
				GCC_OPTIMIZATION_LEVEL = 0;
				GCC_PREPROCESSOR_DEFINITIONS = (
					"DEBUG=1",
					"$(inherited)",
				);
				GCC_WARN_64_TO_32_BIT_CONVERSION = YES;
				GCC_WARN_ABOUT_RETURN_TYPE = YES_ERROR;
				GCC_WARN_UNDECLARED_SELECTOR = YES;
				GCC_WARN_UNINITIALIZED_AUTOS = YES_AGGRESSIVE;
				GCC_WARN_UNUSED_FUNCTION = YES;
				GCC_WARN_UNUSED_VARIABLE = YES;
				IPHONEOS_DEPLOYMENT_TARGET = 15.0;
				MTL_ENABLE_DEBUG_INFO = INCLUDE_SOURCE;
				MTL_FAST_MATH = YES;
				ONLY_ACTIVE_ARCH = YES;
				SDKROOT = iphoneos;
				SWIFT_ACTIVE_COMPILATION_CONDITIONS = DEBUG;
				SWIFT_OPTIMIZATION_LEVEL = "-Onone";
			};
			name = Debug;
		};
		8D8D5D832698BA3E0075CB16 /* Release */ = {
			isa = XCBuildConfiguration;
			buildSettings = {
				ALWAYS_SEARCH_USER_PATHS = NO;
				CLANG_ANALYZER_NONNULL = YES;
				CLANG_ANALYZER_NUMBER_OBJECT_CONVERSION = YES_AGGRESSIVE;
				CLANG_CXX_LANGUAGE_STANDARD = "gnu++14";
				CLANG_CXX_LIBRARY = "libc++";
				CLANG_ENABLE_MODULES = YES;
				CLANG_ENABLE_OBJC_ARC = YES;
				CLANG_ENABLE_OBJC_WEAK = YES;
				CLANG_WARN_BLOCK_CAPTURE_AUTORELEASING = YES;
				CLANG_WARN_BOOL_CONVERSION = YES;
				CLANG_WARN_COMMA = YES;
				CLANG_WARN_CONSTANT_CONVERSION = YES;
				CLANG_WARN_DEPRECATED_OBJC_IMPLEMENTATIONS = YES;
				CLANG_WARN_DIRECT_OBJC_ISA_USAGE = YES_ERROR;
				CLANG_WARN_DOCUMENTATION_COMMENTS = YES;
				CLANG_WARN_EMPTY_BODY = YES;
				CLANG_WARN_ENUM_CONVERSION = YES;
				CLANG_WARN_INFINITE_RECURSION = YES;
				CLANG_WARN_INT_CONVERSION = YES;
				CLANG_WARN_NON_LITERAL_NULL_CONVERSION = YES;
				CLANG_WARN_OBJC_IMPLICIT_RETAIN_SELF = YES;
				CLANG_WARN_OBJC_LITERAL_CONVERSION = YES;
				CLANG_WARN_OBJC_ROOT_CLASS = YES_ERROR;
				CLANG_WARN_QUOTED_INCLUDE_IN_FRAMEWORK_HEADER = YES;
				CLANG_WARN_RANGE_LOOP_ANALYSIS = YES;
				CLANG_WARN_STRICT_PROTOTYPES = YES;
				CLANG_WARN_SUSPICIOUS_MOVE = YES;
				CLANG_WARN_UNGUARDED_AVAILABILITY = YES_AGGRESSIVE;
				CLANG_WARN_UNREACHABLE_CODE = YES;
				CLANG_WARN__DUPLICATE_METHOD_MATCH = YES;
				COPY_PHASE_STRIP = NO;
				DEBUG_INFORMATION_FORMAT = "dwarf-with-dsym";
				ENABLE_NS_ASSERTIONS = NO;
				ENABLE_STRICT_OBJC_MSGSEND = YES;
				GCC_C_LANGUAGE_STANDARD = gnu11;
				GCC_NO_COMMON_BLOCKS = YES;
				GCC_WARN_64_TO_32_BIT_CONVERSION = YES;
				GCC_WARN_ABOUT_RETURN_TYPE = YES_ERROR;
				GCC_WARN_UNDECLARED_SELECTOR = YES;
				GCC_WARN_UNINITIALIZED_AUTOS = YES_AGGRESSIVE;
				GCC_WARN_UNUSED_FUNCTION = YES;
				GCC_WARN_UNUSED_VARIABLE = YES;
				IPHONEOS_DEPLOYMENT_TARGET = 15.0;
				MTL_ENABLE_DEBUG_INFO = NO;
				MTL_FAST_MATH = YES;
				SDKROOT = iphoneos;
				SWIFT_COMPILATION_MODE = wholemodule;
				SWIFT_OPTIMIZATION_LEVEL = "-O";
				VALIDATE_PRODUCT = YES;
			};
			name = Release;
		};
		8D8D5D852698BA3E0075CB16 /* Debug */ = {
			isa = XCBuildConfiguration;
			buildSettings = {
				ASSETCATALOG_COMPILER_APPICON_NAME = AppIcon;
				ASSETCATALOG_COMPILER_GLOBAL_ACCENT_COLOR_NAME = AccentColor;
				CODE_SIGN_STYLE = Automatic;
				CURRENT_PROJECT_VERSION = 1;
				DEVELOPMENT_ASSET_PATHS = "\"GettingStartedAsyncAwait/Preview Content\"";
				DEVELOPMENT_TEAM = 762MGF8HM9;
				ENABLE_PREVIEWS = YES;
				GENERATE_INFOPLIST_FILE = YES;
				INFOPLIST_KEY_UIApplicationSceneManifest_Generation = YES;
				INFOPLIST_KEY_UIApplicationSupportsIndirectInputEvents = YES;
				INFOPLIST_KEY_UILaunchScreen_Generation = YES;
				INFOPLIST_KEY_UISupportedInterfaceOrientations_iPad = "UIInterfaceOrientationPortrait UIInterfaceOrientationPortraitUpsideDown UIInterfaceOrientationLandscapeLeft UIInterfaceOrientationLandscapeRight";
				INFOPLIST_KEY_UISupportedInterfaceOrientations_iPhone = "UIInterfaceOrientationPortrait UIInterfaceOrientationLandscapeLeft UIInterfaceOrientationLandscapeRight";
				IPHONEOS_DEPLOYMENT_TARGET = 15.0;
				LD_RUNPATH_SEARCH_PATHS = (
					"$(inherited)",
					"@executable_path/Frameworks",
				);
				MARKETING_VERSION = 1.0;
				PRODUCT_BUNDLE_IDENTIFIER = com.wizeline.GettingStartedAsyncAwait;
				PRODUCT_NAME = "$(TARGET_NAME)";
				SWIFT_EMIT_LOC_STRINGS = YES;
				SWIFT_VERSION = 5.0;
				TARGETED_DEVICE_FAMILY = "1,2";
			};
			name = Debug;
		};
		8D8D5D862698BA3E0075CB16 /* Release */ = {
			isa = XCBuildConfiguration;
			buildSettings = {
				ASSETCATALOG_COMPILER_APPICON_NAME = AppIcon;
				ASSETCATALOG_COMPILER_GLOBAL_ACCENT_COLOR_NAME = AccentColor;
				CODE_SIGN_STYLE = Automatic;
				CURRENT_PROJECT_VERSION = 1;
				DEVELOPMENT_ASSET_PATHS = "\"GettingStartedAsyncAwait/Preview Content\"";
				DEVELOPMENT_TEAM = 762MGF8HM9;
				ENABLE_PREVIEWS = YES;
				GENERATE_INFOPLIST_FILE = YES;
				INFOPLIST_KEY_UIApplicationSceneManifest_Generation = YES;
				INFOPLIST_KEY_UIApplicationSupportsIndirectInputEvents = YES;
				INFOPLIST_KEY_UILaunchScreen_Generation = YES;
				INFOPLIST_KEY_UISupportedInterfaceOrientations_iPad = "UIInterfaceOrientationPortrait UIInterfaceOrientationPortraitUpsideDown UIInterfaceOrientationLandscapeLeft UIInterfaceOrientationLandscapeRight";
				INFOPLIST_KEY_UISupportedInterfaceOrientations_iPhone = "UIInterfaceOrientationPortrait UIInterfaceOrientationLandscapeLeft UIInterfaceOrientationLandscapeRight";
				IPHONEOS_DEPLOYMENT_TARGET = 15.0;
				LD_RUNPATH_SEARCH_PATHS = (
					"$(inherited)",
					"@executable_path/Frameworks",
				);
				MARKETING_VERSION = 1.0;
				PRODUCT_BUNDLE_IDENTIFIER = com.wizeline.GettingStartedAsyncAwait;
				PRODUCT_NAME = "$(TARGET_NAME)";
				SWIFT_EMIT_LOC_STRINGS = YES;
				SWIFT_VERSION = 5.0;
				TARGETED_DEVICE_FAMILY = "1,2";
			};
			name = Release;
		};
		B18A68EB29BF919400B1F8AC /* Debug */ = {
			isa = XCBuildConfiguration;
			buildSettings = {
				BUNDLE_LOADER = "$(TEST_HOST)";
				CLANG_CXX_LANGUAGE_STANDARD = "gnu++20";
				CODE_SIGN_STYLE = Automatic;
				CURRENT_PROJECT_VERSION = 1;
				DEVELOPMENT_TEAM = 762MGF8HM9;
				GENERATE_INFOPLIST_FILE = YES;
				IPHONEOS_DEPLOYMENT_TARGET = 16.2;
				MARKETING_VERSION = 1.0;
				PRODUCT_BUNDLE_IDENTIFIER = com.wizeline.GettingStartedAsyncAwaitTests;
				PRODUCT_NAME = "$(TARGET_NAME)";
				SWIFT_EMIT_LOC_STRINGS = NO;
				SWIFT_VERSION = 5.0;
				TARGETED_DEVICE_FAMILY = "1,2";
				TEST_HOST = "$(BUILT_PRODUCTS_DIR)/GettingStartedAsyncAwait.app/$(BUNDLE_EXECUTABLE_FOLDER_PATH)/GettingStartedAsyncAwait";
			};
			name = Debug;
		};
		B18A68EC29BF919400B1F8AC /* Release */ = {
			isa = XCBuildConfiguration;
			buildSettings = {
				BUNDLE_LOADER = "$(TEST_HOST)";
				CLANG_CXX_LANGUAGE_STANDARD = "gnu++20";
				CODE_SIGN_STYLE = Automatic;
				CURRENT_PROJECT_VERSION = 1;
				DEVELOPMENT_TEAM = 762MGF8HM9;
				GENERATE_INFOPLIST_FILE = YES;
				IPHONEOS_DEPLOYMENT_TARGET = 16.2;
				MARKETING_VERSION = 1.0;
				PRODUCT_BUNDLE_IDENTIFIER = com.wizeline.GettingStartedAsyncAwaitTests;
				PRODUCT_NAME = "$(TARGET_NAME)";
				SWIFT_EMIT_LOC_STRINGS = NO;
				SWIFT_VERSION = 5.0;
				TARGETED_DEVICE_FAMILY = "1,2";
				TEST_HOST = "$(BUILT_PRODUCTS_DIR)/GettingStartedAsyncAwait.app/$(BUNDLE_EXECUTABLE_FOLDER_PATH)/GettingStartedAsyncAwait";
			};
			name = Release;
		};
/* End XCBuildConfiguration section */

/* Begin XCConfigurationList section */
		8D8D5D712698BA3D0075CB16 /* Build configuration list for PBXProject "GettingStartedAsyncAwait" */ = {
			isa = XCConfigurationList;
			buildConfigurations = (
				8D8D5D822698BA3E0075CB16 /* Debug */,
				8D8D5D832698BA3E0075CB16 /* Release */,
			);
			defaultConfigurationIsVisible = 0;
			defaultConfigurationName = Release;
		};
		8D8D5D842698BA3E0075CB16 /* Build configuration list for PBXNativeTarget "GettingStartedAsyncAwait" */ = {
			isa = XCConfigurationList;
			buildConfigurations = (
				8D8D5D852698BA3E0075CB16 /* Debug */,
				8D8D5D862698BA3E0075CB16 /* Release */,
			);
			defaultConfigurationIsVisible = 0;
			defaultConfigurationName = Release;
		};
		B18A68EA29BF919400B1F8AC /* Build configuration list for PBXNativeTarget "GettingStartedAsyncAwaitTests" */ = {
			isa = XCConfigurationList;
			buildConfigurations = (
				B18A68EB29BF919400B1F8AC /* Debug */,
				B18A68EC29BF919400B1F8AC /* Release */,
			);
			defaultConfigurationIsVisible = 0;
			defaultConfigurationName = Release;
		};
/* End XCConfigurationList section */
	};
	rootObject = 8D8D5D6E2698BA3D0075CB16 /* Project object */;
}
